
Microsoft Visual Studio Solution File, Format Version 12.00
# Visual Studio Version 17
VisualStudioVersion = 17.5.33312.197
MinimumVisualStudioVersion = 10.0.40219.1
Project("{FAE04EC0-301F-11D3-BF4B-00C04F79EFBC}") = "SimpleAlarm", "SimpleAlarm.csproj", "{2C504C48-50AD-4144-9475-907F69B25ACC}"
EndProject
Global
	GlobalSection(SolutionConfigurationPlatforms) = preSolution
		Debug|Any CPU = Debug|Any CPU
		Release|Any CPU = Release|Any CPU
	EndGlobalSection
	GlobalSection(ProjectConfigurationPlatforms) = postSolution
		{2C504C48-50AD-4144-9475-907F69B25ACC}.Debug|Any CPU.ActiveCfg = Debug|Any CPU
		{2C504C48-50AD-4144-9475-907F69B25ACC}.Debug|Any CPU.Build.0 = Debug|Any CPU
		{2C504C48-50AD-4144-9475-907F69B25ACC}.Release|Any CPU.ActiveCfg = Release|Any CPU
		{2C504C48-50AD-4144-9475-907F69B25ACC}.Release|Any CPU.Build.0 = Release|Any CPU
	EndGlobalSection
	GlobalSection(SolutionProperties) = preSolution
		HideSolutionNode = FALSE
	EndGlobalSection
	GlobalSection(ExtensibilityGlobals) = postSolution
		SolutionGuid = {F19EC0E8-F1D0-4BE9-84AF-B42D84C99C2A}
	EndGlobalSection
EndGlobal
